
Microsoft Visual Studio Solution File, Format Version 12.00
# Visual Studio Version 16
VisualStudioVersion = 16.0.31409.214
MinimumVisualStudioVersion = 10.0.40219.1
Project("{F14B399A-7131-4C87-9E4B-1186C45EF12D}") = "Report ProjectPerformance", "Report ProjectPerformance\Report ProjectPerformance.rptproj", "{E6453183-7B7A-409D-8C10-086F165F2739}"
EndProject
Global
	GlobalSection(SolutionConfigurationPlatforms) = preSolution
		Debug|Default = Debug|Default
		DebugLocal|Default = DebugLocal|Default
		Release|Default = Release|Default
	EndGlobalSection
	GlobalSection(ProjectConfigurationPlatforms) = postSolution
		{E6453183-7B7A-409D-8C10-086F165F2739}.Debug|Default.ActiveCfg = Debug
		{E6453183-7B7A-409D-8C10-086F165F2739}.Debug|Default.Build.0 = Debug
		{E6453183-7B7A-409D-8C10-086F165F2739}.Debug|Default.Deploy.0 = Debug
		{E6453183-7B7A-409D-8C10-086F165F2739}.DebugLocal|Default.ActiveCfg = DebugLocal
		{E6453183-7B7A-409D-8C10-086F165F2739}.DebugLocal|Default.Build.0 = DebugLocal
		{E6453183-7B7A-409D-8C10-086F165F2739}.Release|Default.ActiveCfg = Release
		{E6453183-7B7A-409D-8C10-086F165F2739}.Release|Default.Build.0 = Release
		{E6453183-7B7A-409D-8C10-086F165F2739}.Release|Default.Deploy.0 = Release
	EndGlobalSection
	GlobalSection(SolutionProperties) = preSolution
		HideSolutionNode = FALSE
	EndGlobalSection
	GlobalSection(ExtensibilityGlobals) = postSolution
		SolutionGuid = {056CE811-2B73-4E26-A36C-69ED18EF8616}
	EndGlobalSection
EndGlobal
